<Solution>
  <Folder Name="/Misc/">
    <File Path=".gitignore" />
    <File Path="README.md" />
  </Folder>
  <Folder Name="/Library/">
    <Project Path="src\CuriousInc.Utilities.Source.Generators\CuriousInc.Utilities.Source.Generators.csproj" />
    <Project Path="src/CuriousInc.Common.Functional/CuriousInc.Common.Functional.csproj" />
  </Folder>
</Solution>
